// !$*UTF8*$!
{
	archiveVersion = 1;
	classes = {
	};
	objectVersion = 46;
	objects = {

/* Begin PBXBuildFile section */
		3E033BE414815F0100D25B86 /* ServerConnection.m in Sources */ = {isa = PBXBuildFile; fileRef = 3E033BE314815F0100D25B86 /* ServerConnection.m */; };
		3E06577B147039B80085ADB3 /* Default-Landscape~ipad.png in Resources */ = {isa = PBXBuildFile; fileRef = 3E3F67CA14702A88001E96B4 /* Default-Landscape~ipad.png */; };
		3E06577D147039BE0085ADB3 /* Default-Portrait~ipad.png in Resources */ = {isa = PBXBuildFile; fileRef = 3E3F67C814702A7A001E96B4 /* Default-Portrait~ipad.png */; };
		3E0AC25914794851002E9721 /* NSObject+SBJson.m in Sources */ = {isa = PBXBuildFile; fileRef = 3E0AC24114794851002E9721 /* NSObject+SBJson.m */; };
		3E0AC25A14794851002E9721 /* NSObject+SBJson.m in Sources */ = {isa = PBXBuildFile; fileRef = 3E0AC24114794851002E9721 /* NSObject+SBJson.m */; };
		3E0AC25B14794851002E9721 /* NSObject+SBJson.m in Sources */ = {isa = PBXBuildFile; fileRef = 3E0AC24114794851002E9721 /* NSObject+SBJson.m */; };
		3E0AC25C14794851002E9721 /* SBJsonParser.m in Sources */ = {isa = PBXBuildFile; fileRef = 3E0AC24414794851002E9721 /* SBJsonParser.m */; };
		3E0AC25D14794851002E9721 /* SBJsonParser.m in Sources */ = {isa = PBXBuildFile; fileRef = 3E0AC24414794851002E9721 /* SBJsonParser.m */; };
		3E0AC25E14794851002E9721 /* SBJsonParser.m in Sources */ = {isa = PBXBuildFile; fileRef = 3E0AC24414794851002E9721 /* SBJsonParser.m */; };
		3E0AC25F14794851002E9721 /* SBJsonStreamParser.m in Sources */ = {isa = PBXBuildFile; fileRef = 3E0AC24614794851002E9721 /* SBJsonStreamParser.m */; };
		3E0AC26014794851002E9721 /* SBJsonStreamParser.m in Sources */ = {isa = PBXBuildFile; fileRef = 3E0AC24614794851002E9721 /* SBJsonStreamParser.m */; };
		3E0AC26114794851002E9721 /* SBJsonStreamParser.m in Sources */ = {isa = PBXBuildFile; fileRef = 3E0AC24614794851002E9721 /* SBJsonStreamParser.m */; };
		3E0AC26214794851002E9721 /* SBJsonStreamParserAccumulator.m in Sources */ = {isa = PBXBuildFile; fileRef = 3E0AC24814794851002E9721 /* SBJsonStreamParserAccumulator.m */; };
		3E0AC26314794851002E9721 /* SBJsonStreamParserAccumulator.m in Sources */ = {isa = PBXBuildFile; fileRef = 3E0AC24814794851002E9721 /* SBJsonStreamParserAccumulator.m */; };
		3E0AC26414794851002E9721 /* SBJsonStreamParserAccumulator.m in Sources */ = {isa = PBXBuildFile; fileRef = 3E0AC24814794851002E9721 /* SBJsonStreamParserAccumulator.m */; };
		3E0AC26514794851002E9721 /* SBJsonStreamParserAdapter.m in Sources */ = {isa = PBXBuildFile; fileRef = 3E0AC24A14794851002E9721 /* SBJsonStreamParserAdapter.m */; };
		3E0AC26614794851002E9721 /* SBJsonStreamParserAdapter.m in Sources */ = {isa = PBXBuildFile; fileRef = 3E0AC24A14794851002E9721 /* SBJsonStreamParserAdapter.m */; };
		3E0AC26714794851002E9721 /* SBJsonStreamParserAdapter.m in Sources */ = {isa = PBXBuildFile; fileRef = 3E0AC24A14794851002E9721 /* SBJsonStreamParserAdapter.m */; };
		3E0AC26814794851002E9721 /* SBJsonStreamParserState.m in Sources */ = {isa = PBXBuildFile; fileRef = 3E0AC24C14794851002E9721 /* SBJsonStreamParserState.m */; };
		3E0AC26914794851002E9721 /* SBJsonStreamParserState.m in Sources */ = {isa = PBXBuildFile; fileRef = 3E0AC24C14794851002E9721 /* SBJsonStreamParserState.m */; };
		3E0AC26A14794851002E9721 /* SBJsonStreamParserState.m in Sources */ = {isa = PBXBuildFile; fileRef = 3E0AC24C14794851002E9721 /* SBJsonStreamParserState.m */; };
		3E0AC26B14794851002E9721 /* SBJsonStreamWriter.m in Sources */ = {isa = PBXBuildFile; fileRef = 3E0AC24E14794851002E9721 /* SBJsonStreamWriter.m */; };
		3E0AC26C14794851002E9721 /* SBJsonStreamWriter.m in Sources */ = {isa = PBXBuildFile; fileRef = 3E0AC24E14794851002E9721 /* SBJsonStreamWriter.m */; };
		3E0AC26D14794851002E9721 /* SBJsonStreamWriter.m in Sources */ = {isa = PBXBuildFile; fileRef = 3E0AC24E14794851002E9721 /* SBJsonStreamWriter.m */; };
		3E0AC26E14794851002E9721 /* SBJsonStreamWriterAccumulator.m in Sources */ = {isa = PBXBuildFile; fileRef = 3E0AC25014794851002E9721 /* SBJsonStreamWriterAccumulator.m */; };
		3E0AC26F14794851002E9721 /* SBJsonStreamWriterAccumulator.m in Sources */ = {isa = PBXBuildFile; fileRef = 3E0AC25014794851002E9721 /* SBJsonStreamWriterAccumulator.m */; };
		3E0AC27014794851002E9721 /* SBJsonStreamWriterAccumulator.m in Sources */ = {isa = PBXBuildFile; fileRef = 3E0AC25014794851002E9721 /* SBJsonStreamWriterAccumulator.m */; };
		3E0AC27114794851002E9721 /* SBJsonStreamWriterState.m in Sources */ = {isa = PBXBuildFile; fileRef = 3E0AC25214794851002E9721 /* SBJsonStreamWriterState.m */; };
		3E0AC27214794851002E9721 /* SBJsonStreamWriterState.m in Sources */ = {isa = PBXBuildFile; fileRef = 3E0AC25214794851002E9721 /* SBJsonStreamWriterState.m */; };
		3E0AC27314794851002E9721 /* SBJsonStreamWriterState.m in Sources */ = {isa = PBXBuildFile; fileRef = 3E0AC25214794851002E9721 /* SBJsonStreamWriterState.m */; };
		3E0AC27414794851002E9721 /* SBJsonTokeniser.m in Sources */ = {isa = PBXBuildFile; fileRef = 3E0AC25414794851002E9721 /* SBJsonTokeniser.m */; };
		3E0AC27514794851002E9721 /* SBJsonTokeniser.m in Sources */ = {isa = PBXBuildFile; fileRef = 3E0AC25414794851002E9721 /* SBJsonTokeniser.m */; };
		3E0AC27614794851002E9721 /* SBJsonTokeniser.m in Sources */ = {isa = PBXBuildFile; fileRef = 3E0AC25414794851002E9721 /* SBJsonTokeniser.m */; };
		3E0AC27714794851002E9721 /* SBJsonUTF8Stream.m in Sources */ = {isa = PBXBuildFile; fileRef = 3E0AC25614794851002E9721 /* SBJsonUTF8Stream.m */; };
		3E0AC27814794851002E9721 /* SBJsonUTF8Stream.m in Sources */ = {isa = PBXBuildFile; fileRef = 3E0AC25614794851002E9721 /* SBJsonUTF8Stream.m */; };
		3E0AC27914794851002E9721 /* SBJsonUTF8Stream.m in Sources */ = {isa = PBXBuildFile; fileRef = 3E0AC25614794851002E9721 /* SBJsonUTF8Stream.m */; };
		3E0AC27A14794851002E9721 /* SBJsonWriter.m in Sources */ = {isa = PBXBuildFile; fileRef = 3E0AC25814794851002E9721 /* SBJsonWriter.m */; };
		3E0AC27B14794851002E9721 /* SBJsonWriter.m in Sources */ = {isa = PBXBuildFile; fileRef = 3E0AC25814794851002E9721 /* SBJsonWriter.m */; };
		3E0AC27C14794851002E9721 /* SBJsonWriter.m in Sources */ = {isa = PBXBuildFile; fileRef = 3E0AC25814794851002E9721 /* SBJsonWriter.m */; };
		3E16FE1E146F000F0069B666 /* UIKit.framework in Frameworks */ = {isa = PBXBuildFile; fileRef = 3E16FE1D146F000F0069B666 /* UIKit.framework */; };
		3E16FE20146F000F0069B666 /* Foundation.framework in Frameworks */ = {isa = PBXBuildFile; fileRef = 3E16FE1F146F000F0069B666 /* Foundation.framework */; };
		3E16FE22146F000F0069B666 /* CoreGraphics.framework in Frameworks */ = {isa = PBXBuildFile; fileRef = 3E16FE21146F000F0069B666 /* CoreGraphics.framework */; };
		3E16FE28146F000F0069B666 /* InfoPlist.strings in Resources */ = {isa = PBXBuildFile; fileRef = 3E16FE26146F000F0069B666 /* InfoPlist.strings */; };
		3E16FE2A146F000F0069B666 /* main.m in Sources */ = {isa = PBXBuildFile; fileRef = 3E16FE29146F000F0069B666 /* main.m */; };
		3E16FE2E146F000F0069B666 /* HarborAppDelegate.m in Sources */ = {isa = PBXBuildFile; fileRef = 3E16FE2D146F000F0069B666 /* HarborAppDelegate.m */; };
		3E16FE31146F000F0069B666 /* BrowserViewController.m in Sources */ = {isa = PBXBuildFile; fileRef = 3E16FE30146F000F0069B666 /* BrowserViewController.m */; };
		3E16FE34146F000F0069B666 /* BrowserViewController.xib in Resources */ = {isa = PBXBuildFile; fileRef = 3E16FE32146F000F0069B666 /* BrowserViewController.xib */; };
		3E16FE3C146F000F0069B666 /* SenTestingKit.framework in Frameworks */ = {isa = PBXBuildFile; fileRef = 3E16FE3B146F000F0069B666 /* SenTestingKit.framework */; };
		3E16FE3D146F000F0069B666 /* UIKit.framework in Frameworks */ = {isa = PBXBuildFile; fileRef = 3E16FE1D146F000F0069B666 /* UIKit.framework */; };
		3E16FE3E146F000F0069B666 /* Foundation.framework in Frameworks */ = {isa = PBXBuildFile; fileRef = 3E16FE1F146F000F0069B666 /* Foundation.framework */; };
		3E16FE46146F000F0069B666 /* InfoPlist.strings in Resources */ = {isa = PBXBuildFile; fileRef = 3E16FE44146F000F0069B666 /* InfoPlist.strings */; };
		3E16FE49146F000F0069B666 /* HarborTests.m in Sources */ = {isa = PBXBuildFile; fileRef = 3E16FE48146F000F0069B666 /* HarborTests.m */; };
		3E35B9771471E19C002C09C0 /* SenTestingKit.framework in Frameworks */ = {isa = PBXBuildFile; fileRef = 3E16FE3B146F000F0069B666 /* SenTestingKit.framework */; };
		3E35B9781471E19C002C09C0 /* UIKit.framework in Frameworks */ = {isa = PBXBuildFile; fileRef = 3E16FE1D146F000F0069B666 /* UIKit.framework */; };
		3E35B9791471E19C002C09C0 /* Foundation.framework in Frameworks */ = {isa = PBXBuildFile; fileRef = 3E16FE1F146F000F0069B666 /* Foundation.framework */; };
		3E35B97F1471E19C002C09C0 /* InfoPlist.strings in Resources */ = {isa = PBXBuildFile; fileRef = 3E35B97D1471E19C002C09C0 /* InfoPlist.strings */; };
		3E35B9821471E19C002C09C0 /* HarborApplicationTests.m in Sources */ = {isa = PBXBuildFile; fileRef = 3E35B9811471E19C002C09C0 /* HarborApplicationTests.m */; };
		3E3F67CD14702B88001E96B4 /* icon72-01.png in Resources */ = {isa = PBXBuildFile; fileRef = 3E3F67CC14702B88001E96B4 /* icon72-01.png */; };
		3EEBBC2E147CB3DB00C5B74A /* libTestFlight.a in Frameworks */ = {isa = PBXBuildFile; fileRef = 3EEBBC2A147CB3DB00C5B74A /* libTestFlight.a */; };
		3EEBBC2F147CB3DB00C5B74A /* README.txt in Resources */ = {isa = PBXBuildFile; fileRef = 3EEBBC2B147CB3DB00C5B74A /* README.txt */; };
		3EEBBC30147CB3DB00C5B74A /* release_notes.txt in Resources */ = {isa = PBXBuildFile; fileRef = 3EEBBC2C147CB3DB00C5B74A /* release_notes.txt */; };
		3EF08454146F738700358C4F /* ListViewController.m in Sources */ = {isa = PBXBuildFile; fileRef = 3EF08452146F738700358C4F /* ListViewController.m */; };
		3EF08455146F738700358C4F /* ListViewController.xib in Resources */ = {isa = PBXBuildFile; fileRef = 3EF08453146F738700358C4F /* ListViewController.xib */; };
		3EF08457146F881100358C4F /* Settings.bundle in Resources */ = {isa = PBXBuildFile; fileRef = 3EF08456146F881100358C4F /* Settings.bundle */; };
/* End PBXBuildFile section */

/* Begin PBXContainerItemProxy section */
		3E16FE3F146F000F0069B666 /* PBXContainerItemProxy */ = {
			isa = PBXContainerItemProxy;
			containerPortal = 3E16FE10146F000F0069B666 /* Project object */;
			proxyType = 1;
			remoteGlobalIDString = 3E16FE18146F000F0069B666;
			remoteInfo = Harbor;
		};
		3E35B9871471E2FC002C09C0 /* PBXContainerItemProxy */ = {
			isa = PBXContainerItemProxy;
			containerPortal = 3E16FE10146F000F0069B666 /* Project object */;
			proxyType = 1;
			remoteGlobalIDString = 3E16FE18146F000F0069B666;
			remoteInfo = Harbor;
		};
/* End PBXContainerItemProxy section */

/* Begin PBXFileReference section */
		3E033BE214815F0100D25B86 /* ServerConnection.h */ = {isa = PBXFileReference; fileEncoding = 4; lastKnownFileType = sourcecode.c.h; path = ServerConnection.h; sourceTree = "<group>"; };
		3E033BE314815F0100D25B86 /* ServerConnection.m */ = {isa = PBXFileReference; fileEncoding = 4; lastKnownFileType = sourcecode.c.objc; path = ServerConnection.m; sourceTree = "<group>"; };
		3E0AC24014794851002E9721 /* NSObject+SBJson.h */ = {isa = PBXFileReference; fileEncoding = 4; lastKnownFileType = sourcecode.c.h; path = "NSObject+SBJson.h"; sourceTree = "<group>"; };
		3E0AC24114794851002E9721 /* NSObject+SBJson.m */ = {isa = PBXFileReference; fileEncoding = 4; lastKnownFileType = sourcecode.c.objc; path = "NSObject+SBJson.m"; sourceTree = "<group>"; };
		3E0AC24214794851002E9721 /* SBJson.h */ = {isa = PBXFileReference; fileEncoding = 4; lastKnownFileType = sourcecode.c.h; path = SBJson.h; sourceTree = "<group>"; };
		3E0AC24314794851002E9721 /* SBJsonParser.h */ = {isa = PBXFileReference; fileEncoding = 4; lastKnownFileType = sourcecode.c.h; path = SBJsonParser.h; sourceTree = "<group>"; };
		3E0AC24414794851002E9721 /* SBJsonParser.m */ = {isa = PBXFileReference; fileEncoding = 4; lastKnownFileType = sourcecode.c.objc; path = SBJsonParser.m; sourceTree = "<group>"; };
		3E0AC24514794851002E9721 /* SBJsonStreamParser.h */ = {isa = PBXFileReference; fileEncoding = 4; lastKnownFileType = sourcecode.c.h; path = SBJsonStreamParser.h; sourceTree = "<group>"; };
		3E0AC24614794851002E9721 /* SBJsonStreamParser.m */ = {isa = PBXFileReference; fileEncoding = 4; lastKnownFileType = sourcecode.c.objc; path = SBJsonStreamParser.m; sourceTree = "<group>"; };
		3E0AC24714794851002E9721 /* SBJsonStreamParserAccumulator.h */ = {isa = PBXFileReference; fileEncoding = 4; lastKnownFileType = sourcecode.c.h; path = SBJsonStreamParserAccumulator.h; sourceTree = "<group>"; };
		3E0AC24814794851002E9721 /* SBJsonStreamParserAccumulator.m */ = {isa = PBXFileReference; fileEncoding = 4; lastKnownFileType = sourcecode.c.objc; path = SBJsonStreamParserAccumulator.m; sourceTree = "<group>"; };
		3E0AC24914794851002E9721 /* SBJsonStreamParserAdapter.h */ = {isa = PBXFileReference; fileEncoding = 4; lastKnownFileType = sourcecode.c.h; path = SBJsonStreamParserAdapter.h; sourceTree = "<group>"; };
		3E0AC24A14794851002E9721 /* SBJsonStreamParserAdapter.m */ = {isa = PBXFileReference; fileEncoding = 4; lastKnownFileType = sourcecode.c.objc; path = SBJsonStreamParserAdapter.m; sourceTree = "<group>"; };
		3E0AC24B14794851002E9721 /* SBJsonStreamParserState.h */ = {isa = PBXFileReference; fileEncoding = 4; lastKnownFileType = sourcecode.c.h; path = SBJsonStreamParserState.h; sourceTree = "<group>"; };
		3E0AC24C14794851002E9721 /* SBJsonStreamParserState.m */ = {isa = PBXFileReference; fileEncoding = 4; lastKnownFileType = sourcecode.c.objc; path = SBJsonStreamParserState.m; sourceTree = "<group>"; };
		3E0AC24D14794851002E9721 /* SBJsonStreamWriter.h */ = {isa = PBXFileReference; fileEncoding = 4; lastKnownFileType = sourcecode.c.h; path = SBJsonStreamWriter.h; sourceTree = "<group>"; };
		3E0AC24E14794851002E9721 /* SBJsonStreamWriter.m */ = {isa = PBXFileReference; fileEncoding = 4; lastKnownFileType = sourcecode.c.objc; path = SBJsonStreamWriter.m; sourceTree = "<group>"; };
		3E0AC24F14794851002E9721 /* SBJsonStreamWriterAccumulator.h */ = {isa = PBXFileReference; fileEncoding = 4; lastKnownFileType = sourcecode.c.h; path = SBJsonStreamWriterAccumulator.h; sourceTree = "<group>"; };
		3E0AC25014794851002E9721 /* SBJsonStreamWriterAccumulator.m */ = {isa = PBXFileReference; fileEncoding = 4; lastKnownFileType = sourcecode.c.objc; path = SBJsonStreamWriterAccumulator.m; sourceTree = "<group>"; };
		3E0AC25114794851002E9721 /* SBJsonStreamWriterState.h */ = {isa = PBXFileReference; fileEncoding = 4; lastKnownFileType = sourcecode.c.h; path = SBJsonStreamWriterState.h; sourceTree = "<group>"; };
		3E0AC25214794851002E9721 /* SBJsonStreamWriterState.m */ = {isa = PBXFileReference; fileEncoding = 4; lastKnownFileType = sourcecode.c.objc; path = SBJsonStreamWriterState.m; sourceTree = "<group>"; };
		3E0AC25314794851002E9721 /* SBJsonTokeniser.h */ = {isa = PBXFileReference; fileEncoding = 4; lastKnownFileType = sourcecode.c.h; path = SBJsonTokeniser.h; sourceTree = "<group>"; };
		3E0AC25414794851002E9721 /* SBJsonTokeniser.m */ = {isa = PBXFileReference; fileEncoding = 4; lastKnownFileType = sourcecode.c.objc; path = SBJsonTokeniser.m; sourceTree = "<group>"; };
		3E0AC25514794851002E9721 /* SBJsonUTF8Stream.h */ = {isa = PBXFileReference; fileEncoding = 4; lastKnownFileType = sourcecode.c.h; path = SBJsonUTF8Stream.h; sourceTree = "<group>"; };
		3E0AC25614794851002E9721 /* SBJsonUTF8Stream.m */ = {isa = PBXFileReference; fileEncoding = 4; lastKnownFileType = sourcecode.c.objc; path = SBJsonUTF8Stream.m; sourceTree = "<group>"; };
		3E0AC25714794851002E9721 /* SBJsonWriter.h */ = {isa = PBXFileReference; fileEncoding = 4; lastKnownFileType = sourcecode.c.h; path = SBJsonWriter.h; sourceTree = "<group>"; };
		3E0AC25814794851002E9721 /* SBJsonWriter.m */ = {isa = PBXFileReference; fileEncoding = 4; lastKnownFileType = sourcecode.c.objc; path = SBJsonWriter.m; sourceTree = "<group>"; };
		3E16FE19146F000F0069B666 /* Harbor.app */ = {isa = PBXFileReference; explicitFileType = wrapper.application; includeInIndex = 0; path = Harbor.app; sourceTree = BUILT_PRODUCTS_DIR; };
		3E16FE1D146F000F0069B666 /* UIKit.framework */ = {isa = PBXFileReference; lastKnownFileType = wrapper.framework; name = UIKit.framework; path = System/Library/Frameworks/UIKit.framework; sourceTree = SDKROOT; };
		3E16FE1F146F000F0069B666 /* Foundation.framework */ = {isa = PBXFileReference; lastKnownFileType = wrapper.framework; name = Foundation.framework; path = System/Library/Frameworks/Foundation.framework; sourceTree = SDKROOT; };
		3E16FE21146F000F0069B666 /* CoreGraphics.framework */ = {isa = PBXFileReference; lastKnownFileType = wrapper.framework; name = CoreGraphics.framework; path = System/Library/Frameworks/CoreGraphics.framework; sourceTree = SDKROOT; };
		3E16FE25146F000F0069B666 /* Harbor-Info.plist */ = {isa = PBXFileReference; lastKnownFileType = text.plist.xml; path = "Harbor-Info.plist"; sourceTree = "<group>"; };
		3E16FE27146F000F0069B666 /* en */ = {isa = PBXFileReference; lastKnownFileType = text.plist.strings; name = en; path = en.lproj/InfoPlist.strings; sourceTree = "<group>"; };
		3E16FE29146F000F0069B666 /* main.m */ = {isa = PBXFileReference; lastKnownFileType = sourcecode.c.objc; path = main.m; sourceTree = "<group>"; };
		3E16FE2B146F000F0069B666 /* Harbor-Prefix.pch */ = {isa = PBXFileReference; lastKnownFileType = sourcecode.c.h; path = "Harbor-Prefix.pch"; sourceTree = "<group>"; };
		3E16FE2C146F000F0069B666 /* HarborAppDelegate.h */ = {isa = PBXFileReference; lastKnownFileType = sourcecode.c.h; path = HarborAppDelegate.h; sourceTree = "<group>"; };
		3E16FE2D146F000F0069B666 /* HarborAppDelegate.m */ = {isa = PBXFileReference; lastKnownFileType = sourcecode.c.objc; path = HarborAppDelegate.m; sourceTree = "<group>"; };
		3E16FE2F146F000F0069B666 /* BrowserViewController.h */ = {isa = PBXFileReference; lastKnownFileType = sourcecode.c.h; path = BrowserViewController.h; sourceTree = "<group>"; };
		3E16FE30146F000F0069B666 /* BrowserViewController.m */ = {isa = PBXFileReference; lastKnownFileType = sourcecode.c.objc; path = BrowserViewController.m; sourceTree = "<group>"; };
		3E16FE33146F000F0069B666 /* en */ = {isa = PBXFileReference; lastKnownFileType = file.xib; name = en; path = en.lproj/BrowserViewController.xib; sourceTree = "<group>"; };
		3E16FE3A146F000F0069B666 /* HarborTests.octest */ = {isa = PBXFileReference; explicitFileType = wrapper.cfbundle; includeInIndex = 0; path = HarborTests.octest; sourceTree = BUILT_PRODUCTS_DIR; };
		3E16FE3B146F000F0069B666 /* SenTestingKit.framework */ = {isa = PBXFileReference; lastKnownFileType = wrapper.framework; name = SenTestingKit.framework; path = Library/Frameworks/SenTestingKit.framework; sourceTree = DEVELOPER_DIR; };
		3E16FE43146F000F0069B666 /* HarborTests-Info.plist */ = {isa = PBXFileReference; lastKnownFileType = text.plist.xml; path = "HarborTests-Info.plist"; sourceTree = "<group>"; };
		3E16FE45146F000F0069B666 /* en */ = {isa = PBXFileReference; lastKnownFileType = text.plist.strings; name = en; path = en.lproj/InfoPlist.strings; sourceTree = "<group>"; };
		3E16FE47146F000F0069B666 /* HarborTests.h */ = {isa = PBXFileReference; lastKnownFileType = sourcecode.c.h; path = HarborTests.h; sourceTree = "<group>"; };
		3E16FE48146F000F0069B666 /* HarborTests.m */ = {isa = PBXFileReference; lastKnownFileType = sourcecode.c.objc; path = HarborTests.m; sourceTree = "<group>"; };
		3E35B9761471E19C002C09C0 /* HarborApplicationTests.octest */ = {isa = PBXFileReference; explicitFileType = wrapper.cfbundle; includeInIndex = 0; path = HarborApplicationTests.octest; sourceTree = BUILT_PRODUCTS_DIR; };
		3E35B97C1471E19C002C09C0 /* HarborApplicationTests-Info.plist */ = {isa = PBXFileReference; lastKnownFileType = text.plist.xml; path = "HarborApplicationTests-Info.plist"; sourceTree = "<group>"; };
		3E35B97E1471E19C002C09C0 /* en */ = {isa = PBXFileReference; lastKnownFileType = text.plist.strings; name = en; path = en.lproj/InfoPlist.strings; sourceTree = "<group>"; };
		3E35B9801471E19C002C09C0 /* HarborApplicationTests.h */ = {isa = PBXFileReference; lastKnownFileType = sourcecode.c.h; path = HarborApplicationTests.h; sourceTree = "<group>"; };
		3E35B9811471E19C002C09C0 /* HarborApplicationTests.m */ = {isa = PBXFileReference; lastKnownFileType = sourcecode.c.objc; path = HarborApplicationTests.m; sourceTree = "<group>"; };
		3E35B9831471E19C002C09C0 /* HarborApplicationTests-Prefix.pch */ = {isa = PBXFileReference; lastKnownFileType = sourcecode.c.h; path = "HarborApplicationTests-Prefix.pch"; sourceTree = "<group>"; };
		3E3F67C814702A7A001E96B4 /* Default-Portrait~ipad.png */ = {isa = PBXFileReference; lastKnownFileType = image.png; path = "Default-Portrait~ipad.png"; sourceTree = "<group>"; };
		3E3F67CA14702A88001E96B4 /* Default-Landscape~ipad.png */ = {isa = PBXFileReference; lastKnownFileType = image.png; path = "Default-Landscape~ipad.png"; sourceTree = "<group>"; };
		3E3F67CC14702B88001E96B4 /* icon72-01.png */ = {isa = PBXFileReference; lastKnownFileType = image.png; path = "icon72-01.png"; sourceTree = "<group>"; };
		3EEBBC2A147CB3DB00C5B74A /* libTestFlight.a */ = {isa = PBXFileReference; lastKnownFileType = archive.ar; path = libTestFlight.a; sourceTree = "<group>"; };
		3EEBBC2B147CB3DB00C5B74A /* README.txt */ = {isa = PBXFileReference; fileEncoding = 4; lastKnownFileType = text; path = README.txt; sourceTree = "<group>"; };
		3EEBBC2C147CB3DB00C5B74A /* release_notes.txt */ = {isa = PBXFileReference; fileEncoding = 4; lastKnownFileType = text; path = release_notes.txt; sourceTree = "<group>"; };
		3EEBBC2D147CB3DB00C5B74A /* TestFlight.h */ = {isa = PBXFileReference; fileEncoding = 4; lastKnownFileType = sourcecode.c.h; path = TestFlight.h; sourceTree = "<group>"; };
		3EF08451146F738700358C4F /* ListViewController.h */ = {isa = PBXFileReference; fileEncoding = 4; lastKnownFileType = sourcecode.c.h; path = ListViewController.h; sourceTree = "<group>"; };
		3EF08452146F738700358C4F /* ListViewController.m */ = {isa = PBXFileReference; fileEncoding = 4; lastKnownFileType = sourcecode.c.objc; path = ListViewController.m; sourceTree = "<group>"; };
		3EF08453146F738700358C4F /* ListViewController.xib */ = {isa = PBXFileReference; fileEncoding = 4; lastKnownFileType = file.xib; path = ListViewController.xib; sourceTree = "<group>"; };
		3EF08456146F881100358C4F /* Settings.bundle */ = {isa = PBXFileReference; lastKnownFileType = "wrapper.plug-in"; path = Settings.bundle; sourceTree = "<group>"; };
/* End PBXFileReference section */

/* Begin PBXFrameworksBuildPhase section */
		3E16FE16146F000F0069B666 /* Frameworks */ = {
			isa = PBXFrameworksBuildPhase;
			buildActionMask = 2147483647;
			files = (
				3E16FE1E146F000F0069B666 /* UIKit.framework in Frameworks */,
				3E16FE20146F000F0069B666 /* Foundation.framework in Frameworks */,
				3E16FE22146F000F0069B666 /* CoreGraphics.framework in Frameworks */,
				3EEBBC2E147CB3DB00C5B74A /* libTestFlight.a in Frameworks */,
			);
			runOnlyForDeploymentPostprocessing = 0;
		};
		3E16FE36146F000F0069B666 /* Frameworks */ = {
			isa = PBXFrameworksBuildPhase;
			buildActionMask = 2147483647;
			files = (
				3E16FE3C146F000F0069B666 /* SenTestingKit.framework in Frameworks */,
				3E16FE3D146F000F0069B666 /* UIKit.framework in Frameworks */,
				3E16FE3E146F000F0069B666 /* Foundation.framework in Frameworks */,
			);
			runOnlyForDeploymentPostprocessing = 0;
		};
		3E35B9721471E19C002C09C0 /* Frameworks */ = {
			isa = PBXFrameworksBuildPhase;
			buildActionMask = 2147483647;
			files = (
				3E35B9771471E19C002C09C0 /* SenTestingKit.framework in Frameworks */,
				3E35B9781471E19C002C09C0 /* UIKit.framework in Frameworks */,
				3E35B9791471E19C002C09C0 /* Foundation.framework in Frameworks */,
			);
			runOnlyForDeploymentPostprocessing = 0;
		};
/* End PBXFrameworksBuildPhase section */

/* Begin PBXGroup section */
		3E0AC23F14794851002E9721 /* SBJson */ = {
			isa = PBXGroup;
			children = (
				3E0AC24014794851002E9721 /* NSObject+SBJson.h */,
				3E0AC24114794851002E9721 /* NSObject+SBJson.m */,
				3E0AC24214794851002E9721 /* SBJson.h */,
				3E0AC24314794851002E9721 /* SBJsonParser.h */,
				3E0AC24414794851002E9721 /* SBJsonParser.m */,
				3E0AC24514794851002E9721 /* SBJsonStreamParser.h */,
				3E0AC24614794851002E9721 /* SBJsonStreamParser.m */,
				3E0AC24714794851002E9721 /* SBJsonStreamParserAccumulator.h */,
				3E0AC24814794851002E9721 /* SBJsonStreamParserAccumulator.m */,
				3E0AC24914794851002E9721 /* SBJsonStreamParserAdapter.h */,
				3E0AC24A14794851002E9721 /* SBJsonStreamParserAdapter.m */,
				3E0AC24B14794851002E9721 /* SBJsonStreamParserState.h */,
				3E0AC24C14794851002E9721 /* SBJsonStreamParserState.m */,
				3E0AC24D14794851002E9721 /* SBJsonStreamWriter.h */,
				3E0AC24E14794851002E9721 /* SBJsonStreamWriter.m */,
				3E0AC24F14794851002E9721 /* SBJsonStreamWriterAccumulator.h */,
				3E0AC25014794851002E9721 /* SBJsonStreamWriterAccumulator.m */,
				3E0AC25114794851002E9721 /* SBJsonStreamWriterState.h */,
				3E0AC25214794851002E9721 /* SBJsonStreamWriterState.m */,
				3E0AC25314794851002E9721 /* SBJsonTokeniser.h */,
				3E0AC25414794851002E9721 /* SBJsonTokeniser.m */,
				3E0AC25514794851002E9721 /* SBJsonUTF8Stream.h */,
				3E0AC25614794851002E9721 /* SBJsonUTF8Stream.m */,
				3E0AC25714794851002E9721 /* SBJsonWriter.h */,
				3E0AC25814794851002E9721 /* SBJsonWriter.m */,
			);
			name = SBJson;
			path = Classes;
			sourceTree = "<group>";
		};
		3E16FE0E146F000F0069B666 = {
			isa = PBXGroup;
			children = (
				3EEBBC29147CB3DB00C5B74A /* TestFlightSDK0.8.1 */,
				3E0AC23F14794851002E9721 /* SBJson */,
				3E3F67CC14702B88001E96B4 /* icon72-01.png */,
				3E3F67CA14702A88001E96B4 /* Default-Landscape~ipad.png */,
				3E3F67C814702A7A001E96B4 /* Default-Portrait~ipad.png */,
				3E16FE23146F000F0069B666 /* Harbor */,
				3E16FE41146F000F0069B666 /* HarborTests */,
				3E35B97A1471E19C002C09C0 /* HarborApplicationTests */,
				3E16FE1C146F000F0069B666 /* Frameworks */,
				3E16FE1A146F000F0069B666 /* Products */,
			);
			sourceTree = "<group>";
		};
		3E16FE1A146F000F0069B666 /* Products */ = {
			isa = PBXGroup;
			children = (
				3E16FE19146F000F0069B666 /* Harbor.app */,
				3E16FE3A146F000F0069B666 /* HarborTests.octest */,
				3E35B9761471E19C002C09C0 /* HarborApplicationTests.octest */,
			);
			name = Products;
			sourceTree = "<group>";
		};
		3E16FE1C146F000F0069B666 /* Frameworks */ = {
			isa = PBXGroup;
			children = (
				3E16FE1D146F000F0069B666 /* UIKit.framework */,
				3E16FE1F146F000F0069B666 /* Foundation.framework */,
				3E16FE21146F000F0069B666 /* CoreGraphics.framework */,
				3E16FE3B146F000F0069B666 /* SenTestingKit.framework */,
			);
			name = Frameworks;
			sourceTree = "<group>";
		};
		3E16FE23146F000F0069B666 /* Harbor */ = {
			isa = PBXGroup;
			children = (
				3E16FE2C146F000F0069B666 /* HarborAppDelegate.h */,
				3E16FE2D146F000F0069B666 /* HarborAppDelegate.m */,
				3E16FE2F146F000F0069B666 /* BrowserViewController.h */,
				3E16FE30146F000F0069B666 /* BrowserViewController.m */,
				3E16FE32146F000F0069B666 /* BrowserViewController.xib */,
				3E16FE24146F000F0069B666 /* Supporting Files */,
				3EF08451146F738700358C4F /* ListViewController.h */,
				3EF08452146F738700358C4F /* ListViewController.m */,
				3EF08453146F738700358C4F /* ListViewController.xib */,
				3EF08456146F881100358C4F /* Settings.bundle */,
				3E033BE214815F0100D25B86 /* ServerConnection.h */,
				3E033BE314815F0100D25B86 /* ServerConnection.m */,
			);
			path = Harbor;
			sourceTree = "<group>";
		};
		3E16FE24146F000F0069B666 /* Supporting Files */ = {
			isa = PBXGroup;
			children = (
				3E16FE25146F000F0069B666 /* Harbor-Info.plist */,
				3E16FE26146F000F0069B666 /* InfoPlist.strings */,
				3E16FE29146F000F0069B666 /* main.m */,
				3E16FE2B146F000F0069B666 /* Harbor-Prefix.pch */,
			);
			name = "Supporting Files";
			sourceTree = "<group>";
		};
		3E16FE41146F000F0069B666 /* HarborTests */ = {
			isa = PBXGroup;
			children = (
				3E16FE47146F000F0069B666 /* HarborTests.h */,
				3E16FE48146F000F0069B666 /* HarborTests.m */,
				3E16FE42146F000F0069B666 /* Supporting Files */,
			);
			path = HarborTests;
			sourceTree = "<group>";
		};
		3E16FE42146F000F0069B666 /* Supporting Files */ = {
			isa = PBXGroup;
			children = (
				3E16FE43146F000F0069B666 /* HarborTests-Info.plist */,
				3E16FE44146F000F0069B666 /* InfoPlist.strings */,
			);
			name = "Supporting Files";
			sourceTree = "<group>";
		};
		3E35B97A1471E19C002C09C0 /* HarborApplicationTests */ = {
			isa = PBXGroup;
			children = (
				3E35B9801471E19C002C09C0 /* HarborApplicationTests.h */,
				3E35B9811471E19C002C09C0 /* HarborApplicationTests.m */,
				3E35B97B1471E19C002C09C0 /* Supporting Files */,
			);
			path = HarborApplicationTests;
			sourceTree = "<group>";
		};
		3E35B97B1471E19C002C09C0 /* Supporting Files */ = {
			isa = PBXGroup;
			children = (
				3E35B97C1471E19C002C09C0 /* HarborApplicationTests-Info.plist */,
				3E35B97D1471E19C002C09C0 /* InfoPlist.strings */,
				3E35B9831471E19C002C09C0 /* HarborApplicationTests-Prefix.pch */,
			);
			name = "Supporting Files";
			sourceTree = "<group>";
		};
		3EEBBC29147CB3DB00C5B74A /* TestFlightSDK0.8.1 */ = {
			isa = PBXGroup;
			children = (
				3EEBBC2A147CB3DB00C5B74A /* libTestFlight.a */,
				3EEBBC2B147CB3DB00C5B74A /* README.txt */,
				3EEBBC2C147CB3DB00C5B74A /* release_notes.txt */,
				3EEBBC2D147CB3DB00C5B74A /* TestFlight.h */,
			);
			path = TestFlightSDK0.8.1;
			sourceTree = "<group>";
		};
/* End PBXGroup section */

/* Begin PBXNativeTarget section */
		3E16FE18146F000F0069B666 /* Harbor */ = {
			isa = PBXNativeTarget;
			buildConfigurationList = 3E16FE4C146F000F0069B666 /* Build configuration list for PBXNativeTarget "Harbor" */;
			buildPhases = (
				3E16FE15146F000F0069B666 /* Sources */,
				3E16FE16146F000F0069B666 /* Frameworks */,
				3E16FE17146F000F0069B666 /* Resources */,
			);
			buildRules = (
			);
			dependencies = (
			);
			name = Harbor;
			productName = Harbor;
			productReference = 3E16FE19146F000F0069B666 /* Harbor.app */;
			productType = "com.apple.product-type.application";
		};
		3E16FE39146F000F0069B666 /* HarborTests */ = {
			isa = PBXNativeTarget;
			buildConfigurationList = 3E16FE4F146F000F0069B666 /* Build configuration list for PBXNativeTarget "HarborTests" */;
			buildPhases = (
				3E16FE35146F000F0069B666 /* Sources */,
				3E16FE36146F000F0069B666 /* Frameworks */,
				3E16FE37146F000F0069B666 /* Resources */,
				3E16FE38146F000F0069B666 /* ShellScript */,
			);
			buildRules = (
			);
			dependencies = (
				3E16FE40146F000F0069B666 /* PBXTargetDependency */,
			);
			name = HarborTests;
			productName = HarborTests;
			productReference = 3E16FE3A146F000F0069B666 /* HarborTests.octest */;
			productType = "com.apple.product-type.bundle";
		};
		3E35B9751471E19C002C09C0 /* HarborApplicationTests */ = {
			isa = PBXNativeTarget;
			buildConfigurationList = 3E35B9841471E19C002C09C0 /* Build configuration list for PBXNativeTarget "HarborApplicationTests" */;
			buildPhases = (
				3E35B9711471E19C002C09C0 /* Sources */,
				3E35B9721471E19C002C09C0 /* Frameworks */,
				3E35B9731471E19C002C09C0 /* Resources */,
				3E35B9741471E19C002C09C0 /* ShellScript */,
			);
			buildRules = (
			);
			dependencies = (
				3E35B9881471E2FC002C09C0 /* PBXTargetDependency */,
			);
			name = HarborApplicationTests;
			productName = HarborApplicationTests;
			productReference = 3E35B9761471E19C002C09C0 /* HarborApplicationTests.octest */;
			productType = "com.apple.product-type.bundle";
		};
/* End PBXNativeTarget section */

/* Begin PBXProject section */
		3E16FE10146F000F0069B666 /* Project object */ = {
			isa = PBXProject;
			attributes = {
				LastUpgradeCheck = 0420;
			};
			buildConfigurationList = 3E16FE13146F000F0069B666 /* Build configuration list for PBXProject "Harbor" */;
			compatibilityVersion = "Xcode 3.2";
			developmentRegion = English;
			hasScannedForEncodings = 0;
			knownRegions = (
				en,
			);
			mainGroup = 3E16FE0E146F000F0069B666;
			productRefGroup = 3E16FE1A146F000F0069B666 /* Products */;
			projectDirPath = "";
			projectRoot = "";
			targets = (
				3E16FE18146F000F0069B666 /* Harbor */,
				3E16FE39146F000F0069B666 /* HarborTests */,
				3E35B9751471E19C002C09C0 /* HarborApplicationTests */,
			);
		};
/* End PBXProject section */

/* Begin PBXResourcesBuildPhase section */
		3E16FE17146F000F0069B666 /* Resources */ = {
			isa = PBXResourcesBuildPhase;
			buildActionMask = 2147483647;
			files = (
				3E16FE28146F000F0069B666 /* InfoPlist.strings in Resources */,
				3E16FE34146F000F0069B666 /* BrowserViewController.xib in Resources */,
				3EF08455146F738700358C4F /* ListViewController.xib in Resources */,
				3EF08457146F881100358C4F /* Settings.bundle in Resources */,
				3E3F67CD14702B88001E96B4 /* icon72-01.png in Resources */,
				3E06577B147039B80085ADB3 /* Default-Landscape~ipad.png in Resources */,
				3E06577D147039BE0085ADB3 /* Default-Portrait~ipad.png in Resources */,
				3EEBBC2F147CB3DB00C5B74A /* README.txt in Resources */,
				3EEBBC30147CB3DB00C5B74A /* release_notes.txt in Resources */,
			);
			runOnlyForDeploymentPostprocessing = 0;
		};
		3E16FE37146F000F0069B666 /* Resources */ = {
			isa = PBXResourcesBuildPhase;
			buildActionMask = 2147483647;
			files = (
				3E16FE46146F000F0069B666 /* InfoPlist.strings in Resources */,
			);
			runOnlyForDeploymentPostprocessing = 0;
		};
		3E35B9731471E19C002C09C0 /* Resources */ = {
			isa = PBXResourcesBuildPhase;
			buildActionMask = 2147483647;
			files = (
				3E35B97F1471E19C002C09C0 /* InfoPlist.strings in Resources */,
			);
			runOnlyForDeploymentPostprocessing = 0;
		};
/* End PBXResourcesBuildPhase section */

/* Begin PBXShellScriptBuildPhase section */
		3E16FE38146F000F0069B666 /* ShellScript */ = {
			isa = PBXShellScriptBuildPhase;
			buildActionMask = 2147483647;
			files = (
			);
			inputPaths = (
			);
			outputPaths = (
			);
			runOnlyForDeploymentPostprocessing = 0;
			shellPath = /bin/sh;
			shellScript = "# Run the unit tests in this test bundle.\n\"${SYSTEM_DEVELOPER_DIR}/Tools/RunUnitTests\"\n";
		};
		3E35B9741471E19C002C09C0 /* ShellScript */ = {
			isa = PBXShellScriptBuildPhase;
			buildActionMask = 2147483647;
			files = (
			);
			inputPaths = (
			);
			outputPaths = (
			);
			runOnlyForDeploymentPostprocessing = 0;
			shellPath = /bin/sh;
			shellScript = "# Run the unit tests in this test bundle.\n\"${SYSTEM_DEVELOPER_DIR}/Tools/RunUnitTests\"\n";
		};
/* End PBXShellScriptBuildPhase section */

/* Begin PBXSourcesBuildPhase section */
		3E16FE15146F000F0069B666 /* Sources */ = {
			isa = PBXSourcesBuildPhase;
			buildActionMask = 2147483647;
			files = (
				3E16FE2A146F000F0069B666 /* main.m in Sources */,
				3E16FE2E146F000F0069B666 /* HarborAppDelegate.m in Sources */,
				3E16FE31146F000F0069B666 /* BrowserViewController.m in Sources */,
				3EF08454146F738700358C4F /* ListViewController.m in Sources */,
				3E0AC25914794851002E9721 /* NSObject+SBJson.m in Sources */,
				3E0AC25C14794851002E9721 /* SBJsonParser.m in Sources */,
				3E0AC25F14794851002E9721 /* SBJsonStreamParser.m in Sources */,
				3E0AC26214794851002E9721 /* SBJsonStreamParserAccumulator.m in Sources */,
				3E0AC26514794851002E9721 /* SBJsonStreamParserAdapter.m in Sources */,
				3E0AC26814794851002E9721 /* SBJsonStreamParserState.m in Sources */,
				3E0AC26B14794851002E9721 /* SBJsonStreamWriter.m in Sources */,
				3E0AC26E14794851002E9721 /* SBJsonStreamWriterAccumulator.m in Sources */,
				3E0AC27114794851002E9721 /* SBJsonStreamWriterState.m in Sources */,
				3E0AC27414794851002E9721 /* SBJsonTokeniser.m in Sources */,
				3E0AC27714794851002E9721 /* SBJsonUTF8Stream.m in Sources */,
				3E0AC27A14794851002E9721 /* SBJsonWriter.m in Sources */,
				3E033BE414815F0100D25B86 /* ServerConnection.m in Sources */,
			);
			runOnlyForDeploymentPostprocessing = 0;
		};
		3E16FE35146F000F0069B666 /* Sources */ = {
			isa = PBXSourcesBuildPhase;
			buildActionMask = 2147483647;
			files = (
				3E16FE49146F000F0069B666 /* HarborTests.m in Sources */,
				3E0AC25A14794851002E9721 /* NSObject+SBJson.m in Sources */,
				3E0AC25D14794851002E9721 /* SBJsonParser.m in Sources */,
				3E0AC26014794851002E9721 /* SBJsonStreamParser.m in Sources */,
				3E0AC26314794851002E9721 /* SBJsonStreamParserAccumulator.m in Sources */,
				3E0AC26614794851002E9721 /* SBJsonStreamParserAdapter.m in Sources */,
				3E0AC26914794851002E9721 /* SBJsonStreamParserState.m in Sources */,
				3E0AC26C14794851002E9721 /* SBJsonStreamWriter.m in Sources */,
				3E0AC26F14794851002E9721 /* SBJsonStreamWriterAccumulator.m in Sources */,
				3E0AC27214794851002E9721 /* SBJsonStreamWriterState.m in Sources */,
				3E0AC27514794851002E9721 /* SBJsonTokeniser.m in Sources */,
				3E0AC27814794851002E9721 /* SBJsonUTF8Stream.m in Sources */,
				3E0AC27B14794851002E9721 /* SBJsonWriter.m in Sources */,
			);
			runOnlyForDeploymentPostprocessing = 0;
		};
		3E35B9711471E19C002C09C0 /* Sources */ = {
			isa = PBXSourcesBuildPhase;
			buildActionMask = 2147483647;
			files = (
				3E35B9821471E19C002C09C0 /* HarborApplicationTests.m in Sources */,
				3E0AC25B14794851002E9721 /* NSObject+SBJson.m in Sources */,
				3E0AC25E14794851002E9721 /* SBJsonParser.m in Sources */,
				3E0AC26114794851002E9721 /* SBJsonStreamParser.m in Sources */,
				3E0AC26414794851002E9721 /* SBJsonStreamParserAccumulator.m in Sources */,
				3E0AC26714794851002E9721 /* SBJsonStreamParserAdapter.m in Sources */,
				3E0AC26A14794851002E9721 /* SBJsonStreamParserState.m in Sources */,
				3E0AC26D14794851002E9721 /* SBJsonStreamWriter.m in Sources */,
				3E0AC27014794851002E9721 /* SBJsonStreamWriterAccumulator.m in Sources */,
				3E0AC27314794851002E9721 /* SBJsonStreamWriterState.m in Sources */,
				3E0AC27614794851002E9721 /* SBJsonTokeniser.m in Sources */,
				3E0AC27914794851002E9721 /* SBJsonUTF8Stream.m in Sources */,
				3E0AC27C14794851002E9721 /* SBJsonWriter.m in Sources */,
			);
			runOnlyForDeploymentPostprocessing = 0;
		};
/* End PBXSourcesBuildPhase section */

/* Begin PBXTargetDependency section */
		3E16FE40146F000F0069B666 /* PBXTargetDependency */ = {
			isa = PBXTargetDependency;
			target = 3E16FE18146F000F0069B666 /* Harbor */;
			targetProxy = 3E16FE3F146F000F0069B666 /* PBXContainerItemProxy */;
		};
		3E35B9881471E2FC002C09C0 /* PBXTargetDependency */ = {
			isa = PBXTargetDependency;
			target = 3E16FE18146F000F0069B666 /* Harbor */;
			targetProxy = 3E35B9871471E2FC002C09C0 /* PBXContainerItemProxy */;
		};
/* End PBXTargetDependency section */

/* Begin PBXVariantGroup section */
		3E16FE26146F000F0069B666 /* InfoPlist.strings */ = {
			isa = PBXVariantGroup;
			children = (
				3E16FE27146F000F0069B666 /* en */,
			);
			name = InfoPlist.strings;
			sourceTree = "<group>";
		};
		3E16FE32146F000F0069B666 /* BrowserViewController.xib */ = {
			isa = PBXVariantGroup;
			children = (
				3E16FE33146F000F0069B666 /* en */,
			);
			name = BrowserViewController.xib;
			sourceTree = "<group>";
		};
		3E16FE44146F000F0069B666 /* InfoPlist.strings */ = {
			isa = PBXVariantGroup;
			children = (
				3E16FE45146F000F0069B666 /* en */,
			);
			name = InfoPlist.strings;
			sourceTree = "<group>";
		};
		3E35B97D1471E19C002C09C0 /* InfoPlist.strings */ = {
			isa = PBXVariantGroup;
			children = (
				3E35B97E1471E19C002C09C0 /* en */,
			);
			name = InfoPlist.strings;
			sourceTree = "<group>";
		};
/* End PBXVariantGroup section */

/* Begin XCBuildConfiguration section */
		3E16FE4A146F000F0069B666 /* Debug */ = {
			isa = XCBuildConfiguration;
			buildSettings = {
				ALWAYS_SEARCH_USER_PATHS = NO;
				ARCHS = "$(ARCHS_STANDARD_32_BIT)";
				CLANG_ENABLE_OBJC_ARC = YES;
				"CODE_SIGN_IDENTITY[sdk=iphoneos*]" = "iPhone Developer";
				COPY_PHASE_STRIP = NO;
				GCC_C_LANGUAGE_STANDARD = gnu99;
				GCC_DYNAMIC_NO_PIC = NO;
				GCC_OPTIMIZATION_LEVEL = 0;
				GCC_PREPROCESSOR_DEFINITIONS = (
					"DEBUG=1",
					"$(inherited)",
				);
				GCC_SYMBOLS_PRIVATE_EXTERN = NO;
				GCC_VERSION = com.apple.compilers.llvm.clang.1_0;
				GCC_WARN_ABOUT_MISSING_PROTOTYPES = YES;
				GCC_WARN_ABOUT_RETURN_TYPE = YES;
				GCC_WARN_UNUSED_VARIABLE = YES;
				IPHONEOS_DEPLOYMENT_TARGET = 5.0;
				SDKROOT = iphoneos;
				TARGETED_DEVICE_FAMILY = 2;
			};
			name = Debug;
		};
		3E16FE4B146F000F0069B666 /* Release */ = {
			isa = XCBuildConfiguration;
			buildSettings = {
				ALWAYS_SEARCH_USER_PATHS = NO;
				ARCHS = "$(ARCHS_STANDARD_32_BIT)";
				CLANG_ENABLE_OBJC_ARC = YES;
				"CODE_SIGN_IDENTITY[sdk=iphoneos*]" = "iPhone Developer";
				COPY_PHASE_STRIP = YES;
				GCC_C_LANGUAGE_STANDARD = gnu99;
				GCC_VERSION = com.apple.compilers.llvm.clang.1_0;
				GCC_WARN_ABOUT_MISSING_PROTOTYPES = YES;
				GCC_WARN_ABOUT_RETURN_TYPE = YES;
				GCC_WARN_UNUSED_VARIABLE = YES;
				IPHONEOS_DEPLOYMENT_TARGET = 5.0;
				OTHER_CFLAGS = "-DNS_BLOCK_ASSERTIONS=1";
				SDKROOT = iphoneos;
				TARGETED_DEVICE_FAMILY = 2;
				VALIDATE_PRODUCT = YES;
			};
			name = Release;
		};
		3E16FE4D146F000F0069B666 /* Debug */ = {
			isa = XCBuildConfiguration;
			buildSettings = {
				GCC_PRECOMPILE_PREFIX_HEADER = YES;
				GCC_PREFIX_HEADER = "Harbor/Harbor-Prefix.pch";
				INFOPLIST_FILE = "Harbor/Harbor-Info.plist";
				LIBRARY_SEARCH_PATHS = (
					"$(inherited)",
					"\"$(SRCROOT)/TestFlightSDK0.8.1\"",
				);
				OTHER_CFLAGS = "";
				PRODUCT_NAME = "$(TARGET_NAME)";
				WRAPPER_EXTENSION = app;
			};
			name = Debug;
		};
		3E16FE4E146F000F0069B666 /* Release */ = {
			isa = XCBuildConfiguration;
			buildSettings = {
				GCC_PRECOMPILE_PREFIX_HEADER = YES;
				GCC_PREFIX_HEADER = "Harbor/Harbor-Prefix.pch";
				INFOPLIST_FILE = "Harbor/Harbor-Info.plist";
				LIBRARY_SEARCH_PATHS = (
					"$(inherited)",
					"\"$(SRCROOT)/TestFlightSDK0.8.1\"",
				);
				PRODUCT_NAME = "$(TARGET_NAME)";
				WRAPPER_EXTENSION = app;
			};
			name = Release;
		};
		3E16FE50146F000F0069B666 /* Debug */ = {
			isa = XCBuildConfiguration;
			buildSettings = {
				BUNDLE_LOADER = "$(BUILT_PRODUCTS_DIR)/Harbor.app/Harbor";
				FRAMEWORK_SEARCH_PATHS = (
					"$(SDKROOT)/Developer/Library/Frameworks",
					"$(DEVELOPER_LIBRARY_DIR)/Frameworks",
				);
				GCC_PRECOMPILE_PREFIX_HEADER = YES;
				GCC_PREFIX_HEADER = "Harbor/Harbor-Prefix.pch";
				INFOPLIST_FILE = "HarborTests/HarborTests-Info.plist";
				PRODUCT_NAME = "$(TARGET_NAME)";
				TEST_HOST = "$(BUNDLE_LOADER)";
				WRAPPER_EXTENSION = octest;
			};
			name = Debug;
		};
		3E16FE51146F000F0069B666 /* Release */ = {
			isa = XCBuildConfiguration;
			buildSettings = {
				BUNDLE_LOADER = "$(BUILT_PRODUCTS_DIR)/Harbor.app/Harbor";
				FRAMEWORK_SEARCH_PATHS = (
					"$(SDKROOT)/Developer/Library/Frameworks",
					"$(DEVELOPER_LIBRARY_DIR)/Frameworks",
				);
				GCC_PRECOMPILE_PREFIX_HEADER = YES;
				GCC_PREFIX_HEADER = "Harbor/Harbor-Prefix.pch";
				INFOPLIST_FILE = "HarborTests/HarborTests-Info.plist";
				PRODUCT_NAME = "$(TARGET_NAME)";
				TEST_HOST = "$(BUNDLE_LOADER)";
				WRAPPER_EXTENSION = octest;
			};
			name = Release;
		};
		3E35B9851471E19C002C09C0 /* Debug */ = {
			isa = XCBuildConfiguration;
			buildSettings = {
				BUNDLE_LOADER = "$(BUILT_PRODUCTS_DIR)/Harbor.app/Harbor";
				FRAMEWORK_SEARCH_PATHS = (
					"$(SDKROOT)/Developer/Library/Frameworks",
					"$(DEVELOPER_LIBRARY_DIR)/Frameworks",
				);
				GCC_PRECOMPILE_PREFIX_HEADER = YES;
				GCC_PREFIX_HEADER = "HarborApplicationTests/HarborApplicationTests-Prefix.pch";
				INFOPLIST_FILE = "HarborApplicationTests/HarborApplicationTests-Info.plist";
				PRODUCT_NAME = "$(TARGET_NAME)";
				TEST_HOST = "$(BUNDLE_LOADER)";
				WRAPPER_EXTENSION = octest;
			};
			name = Debug;
		};
		3E35B9861471E19C002C09C0 /* Release */ = {
			isa = XCBuildConfiguration;
			buildSettings = {
				BUNDLE_LOADER = "$(BUILT_PRODUCTS_DIR)/Harbor.app/Harbor";
				FRAMEWORK_SEARCH_PATHS = (
					"$(SDKROOT)/Developer/Library/Frameworks",
					"$(DEVELOPER_LIBRARY_DIR)/Frameworks",
				);
				GCC_PRECOMPILE_PREFIX_HEADER = YES;
				GCC_PREFIX_HEADER = "HarborApplicationTests/HarborApplicationTests-Prefix.pch";
				INFOPLIST_FILE = "HarborApplicationTests/HarborApplicationTests-Info.plist";
				PRODUCT_NAME = "$(TARGET_NAME)";
				TEST_HOST = "$(BUNDLE_LOADER)";
				WRAPPER_EXTENSION = octest;
			};
			name = Release;
		};
		3EB2E3401478785A004AF9DD /* Ad Hoc */ = {
			isa = XCBuildConfiguration;
			buildSettings = {
				ALWAYS_SEARCH_USER_PATHS = NO;
				ARCHS = "$(ARCHS_STANDARD_32_BIT)";
				CLANG_ENABLE_OBJC_ARC = YES;
				"CODE_SIGN_IDENTITY[sdk=iphoneos*]" = "iPhone Developer";
				COPY_PHASE_STRIP = YES;
				GCC_C_LANGUAGE_STANDARD = gnu99;
				GCC_VERSION = com.apple.compilers.llvm.clang.1_0;
				GCC_WARN_ABOUT_MISSING_PROTOTYPES = YES;
				GCC_WARN_ABOUT_RETURN_TYPE = YES;
				GCC_WARN_UNUSED_VARIABLE = YES;
				IPHONEOS_DEPLOYMENT_TARGET = 5.0;
				OTHER_CFLAGS = "-DNS_BLOCK_ASSERTIONS=1";
				SDKROOT = iphoneos;
				TARGETED_DEVICE_FAMILY = 2;
				VALIDATE_PRODUCT = YES;
			};
			name = "Ad Hoc";
		};
		3EB2E3411478785A004AF9DD /* Ad Hoc */ = {
			isa = XCBuildConfiguration;
			buildSettings = {
				"CODE_SIGN_ENTITLEMENTS[sdk=*]" = "";
				COPY_PHASE_STRIP = NO;
				GCC_PRECOMPILE_PREFIX_HEADER = YES;
				GCC_PREFIX_HEADER = "Harbor/Harbor-Prefix.pch";
				INFOPLIST_FILE = "Harbor/Harbor-Info.plist";
				LIBRARY_SEARCH_PATHS = (
					"$(inherited)",
					"\"$(SRCROOT)/TestFlightSDK0.8.1\"",
				);
				OTHER_CFLAGS = (
					"-DNS_BLOCK_ASSERTIONS=1",
					"-DTEST_FLIGHT=1",
				);
				PRODUCT_NAME = "$(TARGET_NAME)";
				WRAPPER_EXTENSION = app;
			};
			name = "Ad Hoc";
		};
		3EB2E3421478785A004AF9DD /* Ad Hoc */ = {
			isa = XCBuildConfiguration;
			buildSettings = {
				BUNDLE_LOADER = "$(BUILT_PRODUCTS_DIR)/Harbor.app/Harbor";
				FRAMEWORK_SEARCH_PATHS = (
					"$(SDKROOT)/Developer/Library/Frameworks",
					"$(DEVELOPER_LIBRARY_DIR)/Frameworks",
				);
				GCC_PRECOMPILE_PREFIX_HEADER = YES;
				GCC_PREFIX_HEADER = "Harbor/Harbor-Prefix.pch";
				INFOPLIST_FILE = "HarborTests/HarborTests-Info.plist";
				PRODUCT_NAME = "$(TARGET_NAME)";
				TEST_HOST = "$(BUNDLE_LOADER)";
				WRAPPER_EXTENSION = octest;
			};
			name = "Ad Hoc";
		};
		3EB2E3431478785A004AF9DD /* Ad Hoc */ = {
			isa = XCBuildConfiguration;
			buildSettings = {
				BUNDLE_LOADER = "$(BUILT_PRODUCTS_DIR)/Harbor.app/Harbor";
				FRAMEWORK_SEARCH_PATHS = (
					"$(SDKROOT)/Developer/Library/Frameworks",
					"$(DEVELOPER_LIBRARY_DIR)/Frameworks",
				);
				GCC_PRECOMPILE_PREFIX_HEADER = YES;
				GCC_PREFIX_HEADER = "HarborApplicationTests/HarborApplicationTests-Prefix.pch";
				INFOPLIST_FILE = "HarborApplicationTests/HarborApplicationTests-Info.plist";
				PRODUCT_NAME = "$(TARGET_NAME)";
				TEST_HOST = "$(BUNDLE_LOADER)";
				WRAPPER_EXTENSION = octest;
			};
			name = "Ad Hoc";
		};
/* End XCBuildConfiguration section */

/* Begin XCConfigurationList section */
		3E16FE13146F000F0069B666 /* Build configuration list for PBXProject "Harbor" */ = {
			isa = XCConfigurationList;
			buildConfigurations = (
				3E16FE4A146F000F0069B666 /* Debug */,
				3E16FE4B146F000F0069B666 /* Release */,
				3EB2E3401478785A004AF9DD /* Ad Hoc */,
			);
			defaultConfigurationIsVisible = 0;
			defaultConfigurationName = Release;
		};
		3E16FE4C146F000F0069B666 /* Build configuration list for PBXNativeTarget "Harbor" */ = {
			isa = XCConfigurationList;
			buildConfigurations = (
				3E16FE4D146F000F0069B666 /* Debug */,
				3E16FE4E146F000F0069B666 /* Release */,
				3EB2E3411478785A004AF9DD /* Ad Hoc */,
			);
			defaultConfigurationIsVisible = 0;
			defaultConfigurationName = Release;
		};
		3E16FE4F146F000F0069B666 /* Build configuration list for PBXNativeTarget "HarborTests" */ = {
			isa = XCConfigurationList;
			buildConfigurations = (
				3E16FE50146F000F0069B666 /* Debug */,
				3E16FE51146F000F0069B666 /* Release */,
				3EB2E3421478785A004AF9DD /* Ad Hoc */,
			);
			defaultConfigurationIsVisible = 0;
			defaultConfigurationName = Release;
		};
		3E35B9841471E19C002C09C0 /* Build configuration list for PBXNativeTarget "HarborApplicationTests" */ = {
			isa = XCConfigurationList;
			buildConfigurations = (
				3E35B9851471E19C002C09C0 /* Debug */,
				3E35B9861471E19C002C09C0 /* Release */,
				3EB2E3431478785A004AF9DD /* Ad Hoc */,
			);
			defaultConfigurationIsVisible = 0;
			defaultConfigurationName = Release;
		};
/* End XCConfigurationList section */
	};
	rootObject = 3E16FE10146F000F0069B666 /* Project object */;
}
